
Microsoft Visual Studio Solution File, Format Version 12.00
# Visual Studio 2013
VisualStudioVersion = 12.0.31101.0
MinimumVisualStudioVersion = 10.0.40219.1
Project("{FAE04EC0-301F-11D3-BF4B-00C04F79EFBC}") = "Guess United Kingdom", "Guess United Kingdom\Guess United Kingdom.csproj", "{DA8A853A-2CC8-4DEC-BC08-75DA95DB20BB}"
EndProject
Global
	GlobalSection(SolutionConfigurationPlatforms) = preSolution
		Debug|Any CPU = Debug|Any CPU
		Debug|ARM = Debug|ARM
		Debug|x64 = Debug|x64
		Debug|x86 = Debug|x86
		Release|Any CPU = Release|Any CPU
		Release|ARM = Release|ARM
		Release|x64 = Release|x64
		Release|x86 = Release|x86
	EndGlobalSection
	GlobalSection(ProjectConfigurationPlatforms) = postSolution
		{DA8A853A-2CC8-4DEC-BC08-75DA95DB20BB}.Debug|Any CPU.ActiveCfg = Debug|Any CPU
		{DA8A853A-2CC8-4DEC-BC08-75DA95DB20BB}.Debug|Any CPU.Build.0 = Debug|Any CPU
		{DA8A853A-2CC8-4DEC-BC08-75DA95DB20BB}.Debug|Any CPU.Deploy.0 = Debug|Any CPU
		{DA8A853A-2CC8-4DEC-BC08-75DA95DB20BB}.Debug|ARM.ActiveCfg = Debug|ARM
		{DA8A853A-2CC8-4DEC-BC08-75DA95DB20BB}.Debug|ARM.Build.0 = Debug|ARM
		{DA8A853A-2CC8-4DEC-BC08-75DA95DB20BB}.Debug|ARM.Deploy.0 = Debug|ARM
		{DA8A853A-2CC8-4DEC-BC08-75DA95DB20BB}.Debug|x64.ActiveCfg = Debug|x64
		{DA8A853A-2CC8-4DEC-BC08-75DA95DB20BB}.Debug|x64.Build.0 = Debug|x64
		{DA8A853A-2CC8-4DEC-BC08-75DA95DB20BB}.Debug|x64.Deploy.0 = Debug|x64
		{DA8A853A-2CC8-4DEC-BC08-75DA95DB20BB}.Debug|x86.ActiveCfg = Debug|x86
		{DA8A853A-2CC8-4DEC-BC08-75DA95DB20BB}.Debug|x86.Build.0 = Debug|x86
		{DA8A853A-2CC8-4DEC-BC08-75DA95DB20BB}.Debug|x86.Deploy.0 = Debug|x86
		{DA8A853A-2CC8-4DEC-BC08-75DA95DB20BB}.Release|Any CPU.ActiveCfg = Release|Any CPU
		{DA8A853A-2CC8-4DEC-BC08-75DA95DB20BB}.Release|Any CPU.Build.0 = Release|Any CPU
		{DA8A853A-2CC8-4DEC-BC08-75DA95DB20BB}.Release|Any CPU.Deploy.0 = Release|Any CPU
		{DA8A853A-2CC8-4DEC-BC08-75DA95DB20BB}.Release|ARM.ActiveCfg = Release|ARM
		{DA8A853A-2CC8-4DEC-BC08-75DA95DB20BB}.Release|ARM.Build.0 = Release|ARM
		{DA8A853A-2CC8-4DEC-BC08-75DA95DB20BB}.Release|ARM.Deploy.0 = Release|ARM
		{DA8A853A-2CC8-4DEC-BC08-75DA95DB20BB}.Release|x64.ActiveCfg = Release|x64
		{DA8A853A-2CC8-4DEC-BC08-75DA95DB20BB}.Release|x64.Build.0 = Release|x64
		{DA8A853A-2CC8-4DEC-BC08-75DA95DB20BB}.Release|x64.Deploy.0 = Release|x64
		{DA8A853A-2CC8-4DEC-BC08-75DA95DB20BB}.Release|x86.ActiveCfg = Release|x86
		{DA8A853A-2CC8-4DEC-BC08-75DA95DB20BB}.Release|x86.Build.0 = Release|x86
		{DA8A853A-2CC8-4DEC-BC08-75DA95DB20BB}.Release|x86.Deploy.0 = Release|x86
	EndGlobalSection
	GlobalSection(SolutionProperties) = preSolution
		HideSolutionNode = FALSE
	EndGlobalSection
EndGlobal
